
Microsoft Visual Studio Solution File, Format Version 12.00
# Visual Studio Version 16
VisualStudioVersion = 16.0.31112.23
MinimumVisualStudioVersion = 10.0.40219.1
Project("{FAE04EC0-301F-11D3-BF4B-00C04F79EFBC}") = "SwitchUpdates", "SwitchUpdates\SwitchUpdates.csproj", "{AFBA2988-02CD-4E8A-AE97-57F0CEDA8790}"
EndProject
Global
	GlobalSection(SolutionConfigurationPlatforms) = preSolution
		Debug|Any CPU = Debug|Any CPU
		Release|Any CPU = Release|Any CPU
	EndGlobalSection
	GlobalSection(ProjectConfigurationPlatforms) = postSolution
		{AFBA2988-02CD-4E8A-AE97-57F0CEDA8790}.Debug|Any CPU.ActiveCfg = Debug|Any CPU
		{AFBA2988-02CD-4E8A-AE97-57F0CEDA8790}.Debug|Any CPU.Build.0 = Debug|Any CPU
		{AFBA2988-02CD-4E8A-AE97-57F0CEDA8790}.Release|Any CPU.ActiveCfg = Release|Any CPU
		{AFBA2988-02CD-4E8A-AE97-57F0CEDA8790}.Release|Any CPU.Build.0 = Release|Any CPU
	EndGlobalSection
	GlobalSection(SolutionProperties) = preSolution
		HideSolutionNode = FALSE
	EndGlobalSection
	GlobalSection(ExtensibilityGlobals) = postSolution
		SolutionGuid = {824D7361-A8CA-46F6-B566-5FC8206095AE}
	EndGlobalSection
EndGlobal
